
Microsoft Visual Studio Solution File, Format Version 12.00
# Visual Studio Version 17
VisualStudioVersion = 17.11.35327.3
MinimumVisualStudioVersion = 10.0.40219.1
Project("{8BC9CEB8-8B4A-11D0-8D11-00A0C91BC942}") = "MUP_R2IS_AlgorytmyIStrukturyDanych", "MUP_R2IS_AlgorytmyIStrukturyDanych\MUP_R2IS_AlgorytmyIStrukturyDanych.vcxproj", "{7097A61A-4DEC-471C-8A5E-190B7776707A}"
EndProject
Global
	GlobalSection(SolutionConfigurationPlatforms) = preSolution
		Debug|x64 = Debug|x64
		Debug|x86 = Debug|x86
		Release|x64 = Release|x64
		Release|x86 = Release|x86
	EndGlobalSection
	GlobalSection(ProjectConfigurationPlatforms) = postSolution
		{7097A61A-4DEC-471C-8A5E-190B7776707A}.Debug|x64.ActiveCfg = Debug|x64
		{7097A61A-4DEC-471C-8A5E-190B7776707A}.Debug|x64.Build.0 = Debug|x64
		{7097A61A-4DEC-471C-8A5E-190B7776707A}.Debug|x86.ActiveCfg = Debug|Win32
		{7097A61A-4DEC-471C-8A5E-190B7776707A}.Debug|x86.Build.0 = Debug|Win32
		{7097A61A-4DEC-471C-8A5E-190B7776707A}.Release|x64.ActiveCfg = Release|x64
		{7097A61A-4DEC-471C-8A5E-190B7776707A}.Release|x64.Build.0 = Release|x64
		{7097A61A-4DEC-471C-8A5E-190B7776707A}.Release|x86.ActiveCfg = Release|Win32
		{7097A61A-4DEC-471C-8A5E-190B7776707A}.Release|x86.Build.0 = Release|Win32
	EndGlobalSection
	GlobalSection(SolutionProperties) = preSolution
		HideSolutionNode = FALSE
	EndGlobalSection
	GlobalSection(ExtensibilityGlobals) = postSolution
		SolutionGuid = {B599B8A8-AD4C-49CF-8918-11E0C6B24D5D}
	EndGlobalSection
EndGlobal
